
Microsoft Visual Studio Solution File, Format Version 12.00
# Visual Studio Version 17
VisualStudioVersion = 17.2.32526.322
MinimumVisualStudioVersion = 10.0.40219.1
Project("{FAE04EC0-301F-11D3-BF4B-00C04F79EFBC}") = "ZhuoMian", "ZhuoMian\ZhuoMian.csproj", "{ABA1D8B5-E3C9-4A33-9E02-29AD8B4A30C8}"
EndProject
Global
	GlobalSection(SolutionConfigurationPlatforms) = preSolution
		Debug|Any CPU = Debug|Any CPU
		Release|Any CPU = Release|Any CPU
	EndGlobalSection
	GlobalSection(ProjectConfigurationPlatforms) = postSolution
		{ABA1D8B5-E3C9-4A33-9E02-29AD8B4A30C8}.Debug|Any CPU.ActiveCfg = Debug|Any CPU
		{ABA1D8B5-E3C9-4A33-9E02-29AD8B4A30C8}.Debug|Any CPU.Build.0 = Debug|Any CPU
		{ABA1D8B5-E3C9-4A33-9E02-29AD8B4A30C8}.Release|Any CPU.ActiveCfg = Release|Any CPU
		{ABA1D8B5-E3C9-4A33-9E02-29AD8B4A30C8}.Release|Any CPU.Build.0 = Release|Any CPU
	EndGlobalSection
	GlobalSection(SolutionProperties) = preSolution
		HideSolutionNode = FALSE
	EndGlobalSection
	GlobalSection(ExtensibilityGlobals) = postSolution
		SolutionGuid = {F56891ED-31D5-4AAB-BA0D-81F928DC5FD4}
	EndGlobalSection
EndGlobal
